
Microsoft Visual Studio Solution File, Format Version 12.00
# Visual Studio Version 17
VisualStudioVersion = 17.3.32804.467
MinimumVisualStudioVersion = 10.0.40219.1
Project("{FAE04EC0-301F-11D3-BF4B-00C04F79EFBC}") = "DL", "DL\DL.csproj", "{D881116E-5A63-4AA9-AC43-4B2A2898D204}"
EndProject
Project("{FAE04EC0-301F-11D3-BF4B-00C04F79EFBC}") = "ML", "ML\ML.csproj", "{8C828B51-8786-4A1B-BE59-AA42B86106C4}"
EndProject
Project("{FAE04EC0-301F-11D3-BF4B-00C04F79EFBC}") = "BL", "BL\BL.csproj", "{FE50CF86-3FB1-4754-B1D7-66959C71AC2C}"
EndProject
Project("{FAE04EC0-301F-11D3-BF4B-00C04F79EFBC}") = "PL", "PL\PL.csproj", "{CFE14C41-BF6D-4EB8-8E72-395F01404F87}"
EndProject
Global
	GlobalSection(SolutionConfigurationPlatforms) = preSolution
		Debug|Any CPU = Debug|Any CPU
		Release|Any CPU = Release|Any CPU
	EndGlobalSection
	GlobalSection(ProjectConfigurationPlatforms) = postSolution
		{D881116E-5A63-4AA9-AC43-4B2A2898D204}.Debug|Any CPU.ActiveCfg = Debug|Any CPU
		{D881116E-5A63-4AA9-AC43-4B2A2898D204}.Debug|Any CPU.Build.0 = Debug|Any CPU
		{D881116E-5A63-4AA9-AC43-4B2A2898D204}.Release|Any CPU.ActiveCfg = Release|Any CPU
		{D881116E-5A63-4AA9-AC43-4B2A2898D204}.Release|Any CPU.Build.0 = Release|Any CPU
		{8C828B51-8786-4A1B-BE59-AA42B86106C4}.Debug|Any CPU.ActiveCfg = Debug|Any CPU
		{8C828B51-8786-4A1B-BE59-AA42B86106C4}.Debug|Any CPU.Build.0 = Debug|Any CPU
		{8C828B51-8786-4A1B-BE59-AA42B86106C4}.Release|Any CPU.ActiveCfg = Release|Any CPU
		{8C828B51-8786-4A1B-BE59-AA42B86106C4}.Release|Any CPU.Build.0 = Release|Any CPU
		{FE50CF86-3FB1-4754-B1D7-66959C71AC2C}.Debug|Any CPU.ActiveCfg = Debug|Any CPU
		{FE50CF86-3FB1-4754-B1D7-66959C71AC2C}.Debug|Any CPU.Build.0 = Debug|Any CPU
		{FE50CF86-3FB1-4754-B1D7-66959C71AC2C}.Release|Any CPU.ActiveCfg = Release|Any CPU
		{FE50CF86-3FB1-4754-B1D7-66959C71AC2C}.Release|Any CPU.Build.0 = Release|Any CPU
		{CFE14C41-BF6D-4EB8-8E72-395F01404F87}.Debug|Any CPU.ActiveCfg = Debug|Any CPU
		{CFE14C41-BF6D-4EB8-8E72-395F01404F87}.Debug|Any CPU.Build.0 = Debug|Any CPU
		{CFE14C41-BF6D-4EB8-8E72-395F01404F87}.Release|Any CPU.ActiveCfg = Release|Any CPU
		{CFE14C41-BF6D-4EB8-8E72-395F01404F87}.Release|Any CPU.Build.0 = Release|Any CPU
	EndGlobalSection
	GlobalSection(SolutionProperties) = preSolution
		HideSolutionNode = FALSE
	EndGlobalSection
	GlobalSection(ExtensibilityGlobals) = postSolution
		SolutionGuid = {5C341808-F8E1-450C-A64B-A343BAEC66C7}
	EndGlobalSection
EndGlobal
